// !$*UTF8*$!
{
	archiveVersion = 1;
	classes = {
	};
	objectVersion = 46;
	objects = {

/* Begin PBXBuildFile section */
		7038D4DF1A90508400C7E855 /* AppDelegate.swift in Sources */ = {isa = PBXBuildFile; fileRef = 7038D4DE1A90508400C7E855 /* AppDelegate.swift */; };
		7038D4E21A90508400C7E855 /* zenphoto2.xcdatamodeld in Sources */ = {isa = PBXBuildFile; fileRef = 7038D4E01A90508400C7E855 /* zenphoto2.xcdatamodeld */; };
		7038D4E41A90508400C7E855 /* ViewController.swift in Sources */ = {isa = PBXBuildFile; fileRef = 7038D4E31A90508400C7E855 /* ViewController.swift */; };
		7038D4E71A90508400C7E855 /* Main.storyboard in Resources */ = {isa = PBXBuildFile; fileRef = 7038D4E51A90508400C7E855 /* Main.storyboard */; };
		7038D4E91A90508400C7E855 /* Images.xcassets in Resources */ = {isa = PBXBuildFile; fileRef = 7038D4E81A90508400C7E855 /* Images.xcassets */; };
		7038D4EC1A90508400C7E855 /* LaunchScreen.xib in Resources */ = {isa = PBXBuildFile; fileRef = 7038D4EA1A90508400C7E855 /* LaunchScreen.xib */; };
		7038D4F81A90508400C7E855 /* zenphoto2Tests.swift in Sources */ = {isa = PBXBuildFile; fileRef = 7038D4F71A90508400C7E855 /* zenphoto2Tests.swift */; };
/* End PBXBuildFile section */

/* Begin PBXContainerItemProxy section */
		7038D4F21A90508400C7E855 /* PBXContainerItemProxy */ = {
			isa = PBXContainerItemProxy;
			containerPortal = 7038D4D11A90508400C7E855 /* Project object */;
			proxyType = 1;
			remoteGlobalIDString = 7038D4D81A90508400C7E855;
			remoteInfo = zenphoto2;
		};
/* End PBXContainerItemProxy section */

/* Begin PBXFileReference section */
		7038D4D91A90508400C7E855 /* zenphoto2.app */ = {isa = PBXFileReference; explicitFileType = wrapper.application; includeInIndex = 0; path = zenphoto2.app; sourceTree = BUILT_PRODUCTS_DIR; };
		7038D4DD1A90508400C7E855 /* Info.plist */ = {isa = PBXFileReference; lastKnownFileType = text.plist.xml; path = Info.plist; sourceTree = "<group>"; };
		7038D4DE1A90508400C7E855 /* AppDelegate.swift */ = {isa = PBXFileReference; lastKnownFileType = sourcecode.swift; path = AppDelegate.swift; sourceTree = "<group>"; };
		7038D4E11A90508400C7E855 /* zenphoto2.xcdatamodel */ = {isa = PBXFileReference; lastKnownFileType = wrapper.xcdatamodel; path = zenphoto2.xcdatamodel; sourceTree = "<group>"; };
		7038D4E31A90508400C7E855 /* ViewController.swift */ = {isa = PBXFileReference; lastKnownFileType = sourcecode.swift; path = ViewController.swift; sourceTree = "<group>"; };
		7038D4E61A90508400C7E855 /* Base */ = {isa = PBXFileReference; lastKnownFileType = file.storyboard; name = Base; path = Base.lproj/Main.storyboard; sourceTree = "<group>"; };
		7038D4E81A90508400C7E855 /* Images.xcassets */ = {isa = PBXFileReference; lastKnownFileType = folder.assetcatalog; path = Images.xcassets; sourceTree = "<group>"; };
		7038D4EB1A90508400C7E855 /* Base */ = {isa = PBXFileReference; lastKnownFileType = file.xib; name = Base; path = Base.lproj/LaunchScreen.xib; sourceTree = "<group>"; };
		7038D4F11A90508400C7E855 /* zenphoto2Tests.xctest */ = {isa = PBXFileReference; explicitFileType = wrapper.cfbundle; includeInIndex = 0; path = zenphoto2Tests.xctest; sourceTree = BUILT_PRODUCTS_DIR; };
		7038D4F61A90508400C7E855 /* Info.plist */ = {isa = PBXFileReference; lastKnownFileType = text.plist.xml; path = Info.plist; sourceTree = "<group>"; };
		7038D4F71A90508400C7E855 /* zenphoto2Tests.swift */ = {isa = PBXFileReference; lastKnownFileType = sourcecode.swift; path = zenphoto2Tests.swift; sourceTree = "<group>"; };
/* End PBXFileReference section */

/* Begin PBXFrameworksBuildPhase section */
		7038D4D61A90508400C7E855 /* Frameworks */ = {
			isa = PBXFrameworksBuildPhase;
			buildActionMask = 2147483647;
			files = (
			);
			runOnlyForDeploymentPostprocessing = 0;
		};
		7038D4EE1A90508400C7E855 /* Frameworks */ = {
			isa = PBXFrameworksBuildPhase;
			buildActionMask = 2147483647;
			files = (
			);
			runOnlyForDeploymentPostprocessing = 0;
		};
/* End PBXFrameworksBuildPhase section */

/* Begin PBXGroup section */
		7038D4D01A90508400C7E855 = {
			isa = PBXGroup;
			children = (
				7038D4DB1A90508400C7E855 /* zenphoto2 */,
				7038D4F41A90508400C7E855 /* zenphoto2Tests */,
				7038D4DA1A90508400C7E855 /* Products */,
			);
			sourceTree = "<group>";
		};
		7038D4DA1A90508400C7E855 /* Products */ = {
			isa = PBXGroup;
			children = (
				7038D4D91A90508400C7E855 /* zenphoto2.app */,
				7038D4F11A90508400C7E855 /* zenphoto2Tests.xctest */,
			);
			name = Products;
			sourceTree = "<group>";
		};
		7038D4DB1A90508400C7E855 /* zenphoto2 */ = {
			isa = PBXGroup;
			children = (
				7038D4DE1A90508400C7E855 /* AppDelegate.swift */,
				7038D4E31A90508400C7E855 /* ViewController.swift */,
				7038D4E51A90508400C7E855 /* Main.storyboard */,
				7038D4E81A90508400C7E855 /* Images.xcassets */,
				7038D4EA1A90508400C7E855 /* LaunchScreen.xib */,
				7038D4E01A90508400C7E855 /* zenphoto2.xcdatamodeld */,
				7038D4DC1A90508400C7E855 /* Supporting Files */,
			);
			path = zenphoto2;
			sourceTree = "<group>";
		};
		7038D4DC1A90508400C7E855 /* Supporting Files */ = {
			isa = PBXGroup;
			children = (
				7038D4DD1A90508400C7E855 /* Info.plist */,
			);
			name = "Supporting Files";
			sourceTree = "<group>";
		};
		7038D4F41A90508400C7E855 /* zenphoto2Tests */ = {
			isa = PBXGroup;
			children = (
				7038D4F71A90508400C7E855 /* zenphoto2Tests.swift */,
				7038D4F51A90508400C7E855 /* Supporting Files */,
			);
			path = zenphoto2Tests;
			sourceTree = "<group>";
		};
		7038D4F51A90508400C7E855 /* Supporting Files */ = {
			isa = PBXGroup;
			children = (
				7038D4F61A90508400C7E855 /* Info.plist */,
			);
			name = "Supporting Files";
			sourceTree = "<group>";
		};
/* End PBXGroup section */

/* Begin PBXNativeTarget section */
		7038D4D81A90508400C7E855 /* zenphoto2 */ = {
			isa = PBXNativeTarget;
			buildConfigurationList = 7038D4FB1A90508400C7E855 /* Build configuration list for PBXNativeTarget "zenphoto2" */;
			buildPhases = (
				7038D4D51A90508400C7E855 /* Sources */,
				7038D4D61A90508400C7E855 /* Frameworks */,
				7038D4D71A90508400C7E855 /* Resources */,
			);
			buildRules = (
			);
			dependencies = (
			);
			name = zenphoto2;
			productName = zenphoto2;
			productReference = 7038D4D91A90508400C7E855 /* zenphoto2.app */;
			productType = "com.apple.product-type.application";
		};
		7038D4F01A90508400C7E855 /* zenphoto2Tests */ = {
			isa = PBXNativeTarget;
			buildConfigurationList = 7038D4FE1A90508400C7E855 /* Build configuration list for PBXNativeTarget "zenphoto2Tests" */;
			buildPhases = (
				7038D4ED1A90508400C7E855 /* Sources */,
				7038D4EE1A90508400C7E855 /* Frameworks */,
				7038D4EF1A90508400C7E855 /* Resources */,
			);
			buildRules = (
			);
			dependencies = (
				7038D4F31A90508400C7E855 /* PBXTargetDependency */,
			);
			name = zenphoto2Tests;
			productName = zenphoto2Tests;
			productReference = 7038D4F11A90508400C7E855 /* zenphoto2Tests.xctest */;
			productType = "com.apple.product-type.bundle.unit-test";
		};
/* End PBXNativeTarget section */

/* Begin PBXProject section */
		7038D4D11A90508400C7E855 /* Project object */ = {
			isa = PBXProject;
			attributes = {
				LastUpgradeCheck = 0610;
				ORGANIZATIONNAME = "宮本幸子";
				TargetAttributes = {
					7038D4D81A90508400C7E855 = {
						CreatedOnToolsVersion = 6.1.1;
					};
					7038D4F01A90508400C7E855 = {
						CreatedOnToolsVersion = 6.1.1;
						TestTargetID = 7038D4D81A90508400C7E855;
					};
				};
			};
			buildConfigurationList = 7038D4D41A90508400C7E855 /* Build configuration list for PBXProject "zenphoto2" */;
			compatibilityVersion = "Xcode 3.2";
			developmentRegion = English;
			hasScannedForEncodings = 0;
			knownRegions = (
				en,
				Base,
			);
			mainGroup = 7038D4D01A90508400C7E855;
			productRefGroup = 7038D4DA1A90508400C7E855 /* Products */;
			projectDirPath = "";
			projectRoot = "";
			targets = (
				7038D4D81A90508400C7E855 /* zenphoto2 */,
				7038D4F01A90508400C7E855 /* zenphoto2Tests */,
			);
		};
/* End PBXProject section */

/* Begin PBXResourcesBuildPhase section */
		7038D4D71A90508400C7E855 /* Resources */ = {
			isa = PBXResourcesBuildPhase;
			buildActionMask = 2147483647;
			files = (
				7038D4E71A90508400C7E855 /* Main.storyboard in Resources */,
				7038D4EC1A90508400C7E855 /* LaunchScreen.xib in Resources */,
				7038D4E91A90508400C7E855 /* Images.xcassets in Resources */,
			);
			runOnlyForDeploymentPostprocessing = 0;
		};
		7038D4EF1A90508400C7E855 /* Resources */ = {
			isa = PBXResourcesBuildPhase;
			buildActionMask = 2147483647;
			files = (
			);
			runOnlyForDeploymentPostprocessing = 0;
		};
/* End PBXResourcesBuildPhase section */

/* Begin PBXSourcesBuildPhase section */
		7038D4D51A90508400C7E855 /* Sources */ = {
			isa = PBXSourcesBuildPhase;
			buildActionMask = 2147483647;
			files = (
				7038D4E41A90508400C7E855 /* ViewController.swift in Sources */,
				7038D4DF1A90508400C7E855 /* AppDelegate.swift in Sources */,
				7038D4E21A90508400C7E855 /* zenphoto2.xcdatamodeld in Sources */,
			);
			runOnlyForDeploymentPostprocessing = 0;
		};
		7038D4ED1A90508400C7E855 /* Sources */ = {
			isa = PBXSourcesBuildPhase;
			buildActionMask = 2147483647;
			files = (
				7038D4F81A90508400C7E855 /* zenphoto2Tests.swift in Sources */,
			);
			runOnlyForDeploymentPostprocessing = 0;
		};
/* End PBXSourcesBuildPhase section */

/* Begin PBXTargetDependency section */
		7038D4F31A90508400C7E855 /* PBXTargetDependency */ = {
			isa = PBXTargetDependency;
			target = 7038D4D81A90508400C7E855 /* zenphoto2 */;
			targetProxy = 7038D4F21A90508400C7E855 /* PBXContainerItemProxy */;
		};
/* End PBXTargetDependency section */

/* Begin PBXVariantGroup section */
		7038D4E51A90508400C7E855 /* Main.storyboard */ = {
			isa = PBXVariantGroup;
			children = (
				7038D4E61A90508400C7E855 /* Base */,
			);
			name = Main.storyboard;
			sourceTree = "<group>";
		};
		7038D4EA1A90508400C7E855 /* LaunchScreen.xib */ = {
			isa = PBXVariantGroup;
			children = (
				7038D4EB1A90508400C7E855 /* Base */,
			);
			name = LaunchScreen.xib;
			sourceTree = "<group>";
		};
/* End PBXVariantGroup section */

/* Begin XCBuildConfiguration section */
		7038D4F91A90508400C7E855 /* Debug */ = {
			isa = XCBuildConfiguration;
			buildSettings = {
				ALWAYS_SEARCH_USER_PATHS = NO;
				CLANG_CXX_LANGUAGE_STANDARD = "gnu++0x";
				CLANG_CXX_LIBRARY = "libc++";
				CLANG_ENABLE_MODULES = YES;
				CLANG_ENABLE_OBJC_ARC = YES;
				CLANG_WARN_BOOL_CONVERSION = YES;
				CLANG_WARN_CONSTANT_CONVERSION = YES;
				CLANG_WARN_DIRECT_OBJC_ISA_USAGE = YES_ERROR;
				CLANG_WARN_EMPTY_BODY = YES;
				CLANG_WARN_ENUM_CONVERSION = YES;
				CLANG_WARN_INT_CONVERSION = YES;
				CLANG_WARN_OBJC_ROOT_CLASS = YES_ERROR;
				CLANG_WARN_UNREACHABLE_CODE = YES;
				CLANG_WARN__DUPLICATE_METHOD_MATCH = YES;
				"CODE_SIGN_IDENTITY[sdk=iphoneos*]" = "iPhone Developer";
				COPY_PHASE_STRIP = NO;
				ENABLE_STRICT_OBJC_MSGSEND = YES;
				GCC_C_LANGUAGE_STANDARD = gnu99;
				GCC_DYNAMIC_NO_PIC = NO;
				GCC_OPTIMIZATION_LEVEL = 0;
				GCC_PREPROCESSOR_DEFINITIONS = (
					"DEBUG=1",
					"$(inherited)",
				);
				GCC_SYMBOLS_PRIVATE_EXTERN = NO;
				GCC_WARN_64_TO_32_BIT_CONVERSION = YES;
				GCC_WARN_ABOUT_RETURN_TYPE = YES_ERROR;
				GCC_WARN_UNDECLARED_SELECTOR = YES;
				GCC_WARN_UNINITIALIZED_AUTOS = YES_AGGRESSIVE;
				GCC_WARN_UNUSED_FUNCTION = YES;
				GCC_WARN_UNUSED_VARIABLE = YES;
				IPHONEOS_DEPLOYMENT_TARGET = 8.1;
				MTL_ENABLE_DEBUG_INFO = YES;
				ONLY_ACTIVE_ARCH = YES;
				SDKROOT = iphoneos;
				SWIFT_OPTIMIZATION_LEVEL = "-Onone";
				TARGETED_DEVICE_FAMILY = "1,2";
			};
			name = Debug;
		};
		7038D4FA1A90508400C7E855 /* Release */ = {
			isa = XCBuildConfiguration;
			buildSettings = {
				ALWAYS_SEARCH_USER_PATHS = NO;
				CLANG_CXX_LANGUAGE_STANDARD = "gnu++0x";
				CLANG_CXX_LIBRARY = "libc++";
				CLANG_ENABLE_MODULES = YES;
				CLANG_ENABLE_OBJC_ARC = YES;
				CLANG_WARN_BOOL_CONVERSION = YES;
				CLANG_WARN_CONSTANT_CONVERSION = YES;
				CLANG_WARN_DIRECT_OBJC_ISA_USAGE = YES_ERROR;
				CLANG_WARN_EMPTY_BODY = YES;
				CLANG_WARN_ENUM_CONVERSION = YES;
				CLANG_WARN_INT_CONVERSION = YES;
				CLANG_WARN_OBJC_ROOT_CLASS = YES_ERROR;
				CLANG_WARN_UNREACHABLE_CODE = YES;
				CLANG_WARN__DUPLICATE_METHOD_MATCH = YES;
				"CODE_SIGN_IDENTITY[sdk=iphoneos*]" = "iPhone Developer";
				COPY_PHASE_STRIP = YES;
				ENABLE_NS_ASSERTIONS = NO;
				ENABLE_STRICT_OBJC_MSGSEND = YES;
				GCC_C_LANGUAGE_STANDARD = gnu99;
				GCC_WARN_64_TO_32_BIT_CONVERSION = YES;
				GCC_WARN_ABOUT_RETURN_TYPE = YES_ERROR;
				GCC_WARN_UNDECLARED_SELECTOR = YES;
				GCC_WARN_UNINITIALIZED_AUTOS = YES_AGGRESSIVE;
				GCC_WARN_UNUSED_FUNCTION = YES;
				GCC_WARN_UNUSED_VARIABLE = YES;
				IPHONEOS_DEPLOYMENT_TARGET = 8.1;
				MTL_ENABLE_DEBUG_INFO = NO;
				SDKROOT = iphoneos;
				TARGETED_DEVICE_FAMILY = "1,2";
				VALIDATE_PRODUCT = YES;
			};
			name = Release;
		};
		7038D4FC1A90508400C7E855 /* Debug */ = {
			isa = XCBuildConfiguration;
			buildSettings = {
				ASSETCATALOG_COMPILER_APPICON_NAME = AppIcon;
				INFOPLIST_FILE = zenphoto2/Info.plist;
				LD_RUNPATH_SEARCH_PATHS = "$(inherited) @executable_path/Frameworks";
				PRODUCT_NAME = "$(TARGET_NAME)";
			};
			name = Debug;
		};
		7038D4FD1A90508400C7E855 /* Release */ = {
			isa = XCBuildConfiguration;
			buildSettings = {
				ASSETCATALOG_COMPILER_APPICON_NAME = AppIcon;
				INFOPLIST_FILE = zenphoto2/Info.plist;
				LD_RUNPATH_SEARCH_PATHS = "$(inherited) @executable_path/Frameworks";
				PRODUCT_NAME = "$(TARGET_NAME)";
			};
			name = Release;
		};
		7038D4FF1A90508400C7E855 /* Debug */ = {
			isa = XCBuildConfiguration;
			buildSettings = {
				BUNDLE_LOADER = "$(TEST_HOST)";
				FRAMEWORK_SEARCH_PATHS = (
					"$(SDKROOT)/Developer/Library/Frameworks",
					"$(inherited)",
				);
				GCC_PREPROCESSOR_DEFINITIONS = (
					"DEBUG=1",
					"$(inherited)",
				);
				INFOPLIST_FILE = zenphoto2Tests/Info.plist;
				LD_RUNPATH_SEARCH_PATHS = "$(inherited) @executable_path/Frameworks @loader_path/Frameworks";
				PRODUCT_NAME = "$(TARGET_NAME)";
				TEST_HOST = "$(BUILT_PRODUCTS_DIR)/zenphoto2.app/zenphoto2";
			};
			name = Debug;
		};
		7038D5001A90508400C7E855 /* Release */ = {
			isa = XCBuildConfiguration;
			buildSettings = {
				BUNDLE_LOADER = "$(TEST_HOST)";
				FRAMEWORK_SEARCH_PATHS = (
					"$(SDKROOT)/Developer/Library/Frameworks",
					"$(inherited)",
				);
				INFOPLIST_FILE = zenphoto2Tests/Info.plist;
				LD_RUNPATH_SEARCH_PATHS = "$(inherited) @executable_path/Frameworks @loader_path/Frameworks";
				PRODUCT_NAME = "$(TARGET_NAME)";
				TEST_HOST = "$(BUILT_PRODUCTS_DIR)/zenphoto2.app/zenphoto2";
			};
			name = Release;
		};
/* End XCBuildConfiguration section */

/* Begin XCConfigurationList section */
		7038D4D41A90508400C7E855 /* Build configuration list for PBXProject "zenphoto2" */ = {
			isa = XCConfigurationList;
			buildConfigurations = (
				7038D4F91A90508400C7E855 /* Debug */,
				7038D4FA1A90508400C7E855 /* Release */,
			);
			defaultConfigurationIsVisible = 0;
			defaultConfigurationName = Release;
		};
		7038D4FB1A90508400C7E855 /* Build configuration list for PBXNativeTarget "zenphoto2" */ = {
			isa = XCConfigurationList;
			buildConfigurations = (
				7038D4FC1A90508400C7E855 /* Debug */,
				7038D4FD1A90508400C7E855 /* Release */,
			);
			defaultConfigurationIsVisible = 0;
		};
		7038D4FE1A90508400C7E855 /* Build configuration list for PBXNativeTarget "zenphoto2Tests" */ = {
			isa = XCConfigurationList;
			buildConfigurations = (
				7038D4FF1A90508400C7E855 /* Debug */,
				7038D5001A90508400C7E855 /* Release */,
			);
			defaultConfigurationIsVisible = 0;
		};
/* End XCConfigurationList section */

/* Begin XCVersionGroup section */
		7038D4E01A90508400C7E855 /* zenphoto2.xcdatamodeld */ = {
			isa = XCVersionGroup;
			children = (
				7038D4E11A90508400C7E855 /* zenphoto2.xcdatamodel */,
			);
			currentVersion = 7038D4E11A90508400C7E855 /* zenphoto2.xcdatamodel */;
			path = zenphoto2.xcdatamodeld;
			sourceTree = "<group>";
			versionGroupType = wrapper.xcdatamodel;
		};
/* End XCVersionGroup section */
	};
	rootObject = 7038D4D11A90508400C7E855 /* Project object */;
}
