// !$*UTF8*$!
{
	archiveVersion = 1;
	classes = {
	};
	objectVersion = 46;
	objects = {

/* Begin PBXBuildFile section */
		7038D4DF1A90508400C7E855 /* AppDelegate.swift in Sources */ = {isa = PBXBuildFile; fileRef = 7038D4DE1A90508400C7E855 /* AppDelegate.swift */; };
		7038D4E21A90508400C7E855 /* zenphoto2.xcdatamodeld in Sources */ = {isa = PBXBuildFile; fileRef = 7038D4E01A90508400C7E855 /* zenphoto2.xcdatamodeld */; };
		7038D4E71A90508400C7E855 /* Main.storyboard in Resources */ = {isa = PBXBuildFile; fileRef = 7038D4E51A90508400C7E855 /* Main.storyboard */; };
		7038D4E91A90508400C7E855 /* Images.xcassets in Resources */ = {isa = PBXBuildFile; fileRef = 7038D4E81A90508400C7E855 /* Images.xcassets */; };
		7038D4EC1A90508400C7E855 /* LaunchScreen.xib in Resources */ = {isa = PBXBuildFile; fileRef = 7038D4EA1A90508400C7E855 /* LaunchScreen.xib */; };
		7038D4F81A90508400C7E855 /* zenphoto2Tests.swift in Sources */ = {isa = PBXBuildFile; fileRef = 7038D4F71A90508400C7E855 /* zenphoto2Tests.swift */; };
		7038D5151A90538C00C7E855 /* Functions.swift in Sources */ = {isa = PBXBuildFile; fileRef = 7038D5141A90538C00C7E855 /* Functions.swift */; };
		7038D54D1A909FF500C7E855 /* Haneke.framework in Copy Frameworks */ = {isa = PBXBuildFile; fileRef = 7038D53B1A90955600C7E855 /* Haneke.framework */; settings = {ATTRIBUTES = (CodeSignOnCopy, RemoveHeadersOnCopy, ); }; };
		7038D55D1A90A49E00C7E855 /* SettingsViewController.swift in Sources */ = {isa = PBXBuildFile; fileRef = 7038D55C1A90A49E00C7E855 /* SettingsViewController.swift */; };
		7038D55F1A90B6BA00C7E855 /* AlbumListViewController.swift in Sources */ = {isa = PBXBuildFile; fileRef = 7038D55E1A90B6BA00C7E855 /* AlbumListViewController.swift */; };
		7038D5611A90C64400C7E855 /* UIImage+Cropping.swift in Sources */ = {isa = PBXBuildFile; fileRef = 7038D5601A90C64400C7E855 /* UIImage+Cropping.swift */; };
		7038D5951A90F3A800C7E855 /* Alamofire.framework in Copy Frameworks */ = {isa = PBXBuildFile; fileRef = 7038D58C1A90F39600C7E855 /* Alamofire.framework */; settings = {ATTRIBUTES = (CodeSignOnCopy, RemoveHeadersOnCopy, ); }; };
		7038D5961A90F3A800C7E855 /* Alamofire.framework in Copy Frameworks */ = {isa = PBXBuildFile; fileRef = 7038D58E1A90F39600C7E855 /* Alamofire.framework */; settings = {ATTRIBUTES = (CodeSignOnCopy, RemoveHeadersOnCopy, ); }; };
		7038D5981A90F47A00C7E855 /* SwiftyJSON.swift in Sources */ = {isa = PBXBuildFile; fileRef = 7038D5971A90F47A00C7E855 /* SwiftyJSON.swift */; };
/* End PBXBuildFile section */

/* Begin PBXContainerItemProxy section */
		7038D4F21A90508400C7E855 /* PBXContainerItemProxy */ = {
			isa = PBXContainerItemProxy;
			containerPortal = 7038D4D11A90508400C7E855 /* Project object */;
			proxyType = 1;
			remoteGlobalIDString = 7038D4D81A90508400C7E855;
			remoteInfo = zenphoto2;
		};
		7038D53A1A90955600C7E855 /* PBXContainerItemProxy */ = {
			isa = PBXContainerItemProxy;
			containerPortal = 7038D5331A90955600C7E855 /* Haneke.xcodeproj */;
			proxyType = 2;
			remoteGlobalIDString = A095C9561980418C00CD0F4C;
			remoteInfo = Haneke;
		};
		7038D53C1A90955600C7E855 /* PBXContainerItemProxy */ = {
			isa = PBXContainerItemProxy;
			containerPortal = 7038D5331A90955600C7E855 /* Haneke.xcodeproj */;
			proxyType = 2;
			remoteGlobalIDString = A095C9611980418C00CD0F4C;
			remoteInfo = HanekeTests;
		};
		7038D53E1A90955600C7E855 /* PBXContainerItemProxy */ = {
			isa = PBXContainerItemProxy;
			containerPortal = 7038D5331A90955600C7E855 /* Haneke.xcodeproj */;
			proxyType = 2;
			remoteGlobalIDString = A0026E9A19C9BFBC004DE0C6;
			remoteInfo = HanekeDemo;
		};
		7038D5461A9097FB00C7E855 /* PBXContainerItemProxy */ = {
			isa = PBXContainerItemProxy;
			containerPortal = 7038D5331A90955600C7E855 /* Haneke.xcodeproj */;
			proxyType = 1;
			remoteGlobalIDString = A095C9551980418C00CD0F4C;
			remoteInfo = Haneke;
		};
		7038D58B1A90F39600C7E855 /* PBXContainerItemProxy */ = {
			isa = PBXContainerItemProxy;
			containerPortal = 7038D5841A90F39600C7E855 /* Alamofire.xcodeproj */;
			proxyType = 2;
			remoteGlobalIDString = F8111E3319A95C8B0040E7D1;
			remoteInfo = "Alamofire iOS";
		};
		7038D58D1A90F39600C7E855 /* PBXContainerItemProxy */ = {
			isa = PBXContainerItemProxy;
			containerPortal = 7038D5841A90F39600C7E855 /* Alamofire.xcodeproj */;
			proxyType = 2;
			remoteGlobalIDString = 4DD67C0B1A5C55C900ED2280;
			remoteInfo = "Alamofire OSX";
		};
		7038D58F1A90F39600C7E855 /* PBXContainerItemProxy */ = {
			isa = PBXContainerItemProxy;
			containerPortal = 7038D5841A90F39600C7E855 /* Alamofire.xcodeproj */;
			proxyType = 2;
			remoteGlobalIDString = F8111E3E19A95C8B0040E7D1;
			remoteInfo = "Alamofire iOS Tests";
		};
		7038D5911A90F39600C7E855 /* PBXContainerItemProxy */ = {
			isa = PBXContainerItemProxy;
			containerPortal = 7038D5841A90F39600C7E855 /* Alamofire.xcodeproj */;
			proxyType = 2;
			remoteGlobalIDString = F829C6B21A7A94F100A2CD59;
			remoteInfo = "Alamofire OSX Tests";
		};
		7038D5931A90F3A200C7E855 /* PBXContainerItemProxy */ = {
			isa = PBXContainerItemProxy;
			containerPortal = 7038D5841A90F39600C7E855 /* Alamofire.xcodeproj */;
			proxyType = 1;
			remoteGlobalIDString = F8111E3219A95C8B0040E7D1;
			remoteInfo = "Alamofire iOS";
		};
/* End PBXContainerItemProxy section */

/* Begin PBXCopyFilesBuildPhase section */
		7038D5121A9050EE00C7E855 /* Copy Frameworks */ = {
			isa = PBXCopyFilesBuildPhase;
			buildActionMask = 2147483647;
			dstPath = "";
			dstSubfolderSpec = 10;
			files = (
				7038D5951A90F3A800C7E855 /* Alamofire.framework in Copy Frameworks */,
				7038D5961A90F3A800C7E855 /* Alamofire.framework in Copy Frameworks */,
				7038D54D1A909FF500C7E855 /* Haneke.framework in Copy Frameworks */,
			);
			name = "Copy Frameworks";
			runOnlyForDeploymentPostprocessing = 0;
		};
/* End PBXCopyFilesBuildPhase section */

/* Begin PBXFileReference section */
		7038D4D91A90508400C7E855 /* zenphoto2.app */ = {isa = PBXFileReference; explicitFileType = wrapper.application; includeInIndex = 0; path = zenphoto2.app; sourceTree = BUILT_PRODUCTS_DIR; };
		7038D4DD1A90508400C7E855 /* Info.plist */ = {isa = PBXFileReference; lastKnownFileType = text.plist.xml; path = Info.plist; sourceTree = "<group>"; };
		7038D4DE1A90508400C7E855 /* AppDelegate.swift */ = {isa = PBXFileReference; lastKnownFileType = sourcecode.swift; path = AppDelegate.swift; sourceTree = "<group>"; };
		7038D4E11A90508400C7E855 /* zenphoto2.xcdatamodel */ = {isa = PBXFileReference; lastKnownFileType = wrapper.xcdatamodel; path = zenphoto2.xcdatamodel; sourceTree = "<group>"; };
		7038D4E61A90508400C7E855 /* Base */ = {isa = PBXFileReference; lastKnownFileType = file.storyboard; name = Base; path = Base.lproj/Main.storyboard; sourceTree = "<group>"; };
		7038D4E81A90508400C7E855 /* Images.xcassets */ = {isa = PBXFileReference; lastKnownFileType = folder.assetcatalog; path = Images.xcassets; sourceTree = "<group>"; };
		7038D4EB1A90508400C7E855 /* Base */ = {isa = PBXFileReference; lastKnownFileType = file.xib; name = Base; path = Base.lproj/LaunchScreen.xib; sourceTree = "<group>"; };
		7038D4F11A90508400C7E855 /* zenphoto2Tests.xctest */ = {isa = PBXFileReference; explicitFileType = wrapper.cfbundle; includeInIndex = 0; path = zenphoto2Tests.xctest; sourceTree = BUILT_PRODUCTS_DIR; };
		7038D4F61A90508400C7E855 /* Info.plist */ = {isa = PBXFileReference; lastKnownFileType = text.plist.xml; path = Info.plist; sourceTree = "<group>"; };
		7038D4F71A90508400C7E855 /* zenphoto2Tests.swift */ = {isa = PBXFileReference; lastKnownFileType = sourcecode.swift; path = zenphoto2Tests.swift; sourceTree = "<group>"; };
		7038D5141A90538C00C7E855 /* Functions.swift */ = {isa = PBXFileReference; fileEncoding = 4; lastKnownFileType = sourcecode.swift; path = Functions.swift; sourceTree = "<group>"; };
		7038D5331A90955600C7E855 /* Haneke.xcodeproj */ = {isa = PBXFileReference; lastKnownFileType = "wrapper.pb-project"; name = Haneke.xcodeproj; path = HanekeSwift/Haneke.xcodeproj; sourceTree = SOURCE_ROOT; };
		7038D55C1A90A49E00C7E855 /* SettingsViewController.swift */ = {isa = PBXFileReference; fileEncoding = 4; lastKnownFileType = sourcecode.swift; path = SettingsViewController.swift; sourceTree = "<group>"; };
		7038D55E1A90B6BA00C7E855 /* AlbumListViewController.swift */ = {isa = PBXFileReference; fileEncoding = 4; lastKnownFileType = sourcecode.swift; path = AlbumListViewController.swift; sourceTree = "<group>"; };
		7038D5601A90C64400C7E855 /* UIImage+Cropping.swift */ = {isa = PBXFileReference; fileEncoding = 4; lastKnownFileType = sourcecode.swift; path = "UIImage+Cropping.swift"; sourceTree = "<group>"; };
		7038D5841A90F39600C7E855 /* Alamofire.xcodeproj */ = {isa = PBXFileReference; lastKnownFileType = "wrapper.pb-project"; name = Alamofire.xcodeproj; path = Alamofire/Alamofire.xcodeproj; sourceTree = SOURCE_ROOT; };
		7038D5971A90F47A00C7E855 /* SwiftyJSON.swift */ = {isa = PBXFileReference; fileEncoding = 4; lastKnownFileType = sourcecode.swift; path = SwiftyJSON.swift; sourceTree = "<group>"; };
/* End PBXFileReference section */

/* Begin PBXFrameworksBuildPhase section */
		7038D4D61A90508400C7E855 /* Frameworks */ = {
			isa = PBXFrameworksBuildPhase;
			buildActionMask = 2147483647;
			files = (
			);
			runOnlyForDeploymentPostprocessing = 0;
		};
		7038D4EE1A90508400C7E855 /* Frameworks */ = {
			isa = PBXFrameworksBuildPhase;
			buildActionMask = 2147483647;
			files = (
			);
			runOnlyForDeploymentPostprocessing = 0;
		};
/* End PBXFrameworksBuildPhase section */

/* Begin PBXGroup section */
		7038D4D01A90508400C7E855 = {
			isa = PBXGroup;
			children = (
				7038D4DB1A90508400C7E855 /* zenphoto2 */,
				7038D4F41A90508400C7E855 /* zenphoto2Tests */,
				7038D4DA1A90508400C7E855 /* Products */,
			);
			sourceTree = "<group>";
		};
		7038D4DA1A90508400C7E855 /* Products */ = {
			isa = PBXGroup;
			children = (
				7038D4D91A90508400C7E855 /* zenphoto2.app */,
				7038D4F11A90508400C7E855 /* zenphoto2Tests.xctest */,
			);
			name = Products;
			sourceTree = "<group>";
		};
		7038D4DB1A90508400C7E855 /* zenphoto2 */ = {
			isa = PBXGroup;
			children = (
				7038D5841A90F39600C7E855 /* Alamofire.xcodeproj */,
				7038D5331A90955600C7E855 /* Haneke.xcodeproj */,
				7038D4DE1A90508400C7E855 /* AppDelegate.swift */,
				7038D55E1A90B6BA00C7E855 /* AlbumListViewController.swift */,
				7038D55C1A90A49E00C7E855 /* SettingsViewController.swift */,
				7038D4E51A90508400C7E855 /* Main.storyboard */,
				7038D4E81A90508400C7E855 /* Images.xcassets */,
				7038D4EA1A90508400C7E855 /* LaunchScreen.xib */,
				7038D4E01A90508400C7E855 /* zenphoto2.xcdatamodeld */,
				7038D4DC1A90508400C7E855 /* Supporting Files */,
				7038D5141A90538C00C7E855 /* Functions.swift */,
				7038D5601A90C64400C7E855 /* UIImage+Cropping.swift */,
				7038D5971A90F47A00C7E855 /* SwiftyJSON.swift */,
			);
			path = zenphoto2;
			sourceTree = "<group>";
		};
		7038D4DC1A90508400C7E855 /* Supporting Files */ = {
			isa = PBXGroup;
			children = (
				7038D4DD1A90508400C7E855 /* Info.plist */,
			);
			name = "Supporting Files";
			sourceTree = "<group>";
		};
		7038D4F41A90508400C7E855 /* zenphoto2Tests */ = {
			isa = PBXGroup;
			children = (
				7038D4F71A90508400C7E855 /* zenphoto2Tests.swift */,
				7038D4F51A90508400C7E855 /* Supporting Files */,
			);
			path = zenphoto2Tests;
			sourceTree = "<group>";
		};
		7038D4F51A90508400C7E855 /* Supporting Files */ = {
			isa = PBXGroup;
			children = (
				7038D4F61A90508400C7E855 /* Info.plist */,
			);
			name = "Supporting Files";
			sourceTree = "<group>";
		};
		7038D5341A90955600C7E855 /* Products */ = {
			isa = PBXGroup;
			children = (
				7038D53B1A90955600C7E855 /* Haneke.framework */,
				7038D53D1A90955600C7E855 /* HanekeTests.xctest */,
				7038D53F1A90955600C7E855 /* HanekeDemo.app */,
			);
			name = Products;
			sourceTree = "<group>";
		};
		7038D5851A90F39600C7E855 /* Products */ = {
			isa = PBXGroup;
			children = (
				7038D58C1A90F39600C7E855 /* Alamofire.framework */,
				7038D58E1A90F39600C7E855 /* Alamofire.framework */,
				7038D5901A90F39600C7E855 /* Alamofire iOS Tests.xctest */,
				7038D5921A90F39600C7E855 /* Alamofire OSX Tests.xctest */,
			);
			name = Products;
			sourceTree = "<group>";
		};
/* End PBXGroup section */

/* Begin PBXNativeTarget section */
		7038D4D81A90508400C7E855 /* zenphoto2 */ = {
			isa = PBXNativeTarget;
			buildConfigurationList = 7038D4FB1A90508400C7E855 /* Build configuration list for PBXNativeTarget "zenphoto2" */;
			buildPhases = (
				7038D4D51A90508400C7E855 /* Sources */,
				7038D4D61A90508400C7E855 /* Frameworks */,
				7038D4D71A90508400C7E855 /* Resources */,
				7038D5121A9050EE00C7E855 /* Copy Frameworks */,
			);
			buildRules = (
			);
			dependencies = (
				7038D5941A90F3A200C7E855 /* PBXTargetDependency */,
				7038D5471A9097FB00C7E855 /* PBXTargetDependency */,
			);
			name = zenphoto2;
			productName = zenphoto2;
			productReference = 7038D4D91A90508400C7E855 /* zenphoto2.app */;
			productType = "com.apple.product-type.application";
		};
		7038D4F01A90508400C7E855 /* zenphoto2Tests */ = {
			isa = PBXNativeTarget;
			buildConfigurationList = 7038D4FE1A90508400C7E855 /* Build configuration list for PBXNativeTarget "zenphoto2Tests" */;
			buildPhases = (
				7038D4ED1A90508400C7E855 /* Sources */,
				7038D4EE1A90508400C7E855 /* Frameworks */,
				7038D4EF1A90508400C7E855 /* Resources */,
			);
			buildRules = (
			);
			dependencies = (
				7038D4F31A90508400C7E855 /* PBXTargetDependency */,
			);
			name = zenphoto2Tests;
			productName = zenphoto2Tests;
			productReference = 7038D4F11A90508400C7E855 /* zenphoto2Tests.xctest */;
			productType = "com.apple.product-type.bundle.unit-test";
		};
/* End PBXNativeTarget section */

/* Begin PBXProject section */
		7038D4D11A90508400C7E855 /* Project object */ = {
			isa = PBXProject;
			attributes = {
				LastUpgradeCheck = 0610;
				ORGANIZATIONNAME = "宮本幸子";
				TargetAttributes = {
					7038D4D81A90508400C7E855 = {
						CreatedOnToolsVersion = 6.1.1;
						DevelopmentTeam = JP7CKXLT25;
					};
					7038D4F01A90508400C7E855 = {
						CreatedOnToolsVersion = 6.1.1;
						TestTargetID = 7038D4D81A90508400C7E855;
					};
				};
			};
			buildConfigurationList = 7038D4D41A90508400C7E855 /* Build configuration list for PBXProject "zenphoto2" */;
			compatibilityVersion = "Xcode 3.2";
			developmentRegion = English;
			hasScannedForEncodings = 0;
			knownRegions = (
				en,
				Base,
			);
			mainGroup = 7038D4D01A90508400C7E855;
			productRefGroup = 7038D4DA1A90508400C7E855 /* Products */;
			projectDirPath = "";
			projectReferences = (
				{
					ProductGroup = 7038D5851A90F39600C7E855 /* Products */;
					ProjectRef = 7038D5841A90F39600C7E855 /* Alamofire.xcodeproj */;
				},
				{
					ProductGroup = 7038D5341A90955600C7E855 /* Products */;
					ProjectRef = 7038D5331A90955600C7E855 /* Haneke.xcodeproj */;
				},
			);
			projectRoot = "";
			targets = (
				7038D4D81A90508400C7E855 /* zenphoto2 */,
				7038D4F01A90508400C7E855 /* zenphoto2Tests */,
			);
		};
/* End PBXProject section */

/* Begin PBXReferenceProxy section */
		7038D53B1A90955600C7E855 /* Haneke.framework */ = {
			isa = PBXReferenceProxy;
			fileType = wrapper.framework;
			path = Haneke.framework;
			remoteRef = 7038D53A1A90955600C7E855 /* PBXContainerItemProxy */;
			sourceTree = BUILT_PRODUCTS_DIR;
		};
		7038D53D1A90955600C7E855 /* HanekeTests.xctest */ = {
			isa = PBXReferenceProxy;
			fileType = wrapper.cfbundle;
			path = HanekeTests.xctest;
			remoteRef = 7038D53C1A90955600C7E855 /* PBXContainerItemProxy */;
			sourceTree = BUILT_PRODUCTS_DIR;
		};
		7038D53F1A90955600C7E855 /* HanekeDemo.app */ = {
			isa = PBXReferenceProxy;
			fileType = wrapper.application;
			path = HanekeDemo.app;
			remoteRef = 7038D53E1A90955600C7E855 /* PBXContainerItemProxy */;
			sourceTree = BUILT_PRODUCTS_DIR;
		};
		7038D58C1A90F39600C7E855 /* Alamofire.framework */ = {
			isa = PBXReferenceProxy;
			fileType = wrapper.framework;
			path = Alamofire.framework;
			remoteRef = 7038D58B1A90F39600C7E855 /* PBXContainerItemProxy */;
			sourceTree = BUILT_PRODUCTS_DIR;
		};
		7038D58E1A90F39600C7E855 /* Alamofire.framework */ = {
			isa = PBXReferenceProxy;
			fileType = wrapper.framework;
			path = Alamofire.framework;
			remoteRef = 7038D58D1A90F39600C7E855 /* PBXContainerItemProxy */;
			sourceTree = BUILT_PRODUCTS_DIR;
		};
		7038D5901A90F39600C7E855 /* Alamofire iOS Tests.xctest */ = {
			isa = PBXReferenceProxy;
			fileType = wrapper.cfbundle;
			path = "Alamofire iOS Tests.xctest";
			remoteRef = 7038D58F1A90F39600C7E855 /* PBXContainerItemProxy */;
			sourceTree = BUILT_PRODUCTS_DIR;
		};
		7038D5921A90F39600C7E855 /* Alamofire OSX Tests.xctest */ = {
			isa = PBXReferenceProxy;
			fileType = wrapper.cfbundle;
			path = "Alamofire OSX Tests.xctest";
			remoteRef = 7038D5911A90F39600C7E855 /* PBXContainerItemProxy */;
			sourceTree = BUILT_PRODUCTS_DIR;
		};
/* End PBXReferenceProxy section */

/* Begin PBXResourcesBuildPhase section */
		7038D4D71A90508400C7E855 /* Resources */ = {
			isa = PBXResourcesBuildPhase;
			buildActionMask = 2147483647;
			files = (
				7038D4E71A90508400C7E855 /* Main.storyboard in Resources */,
				7038D4EC1A90508400C7E855 /* LaunchScreen.xib in Resources */,
				7038D4E91A90508400C7E855 /* Images.xcassets in Resources */,
			);
			runOnlyForDeploymentPostprocessing = 0;
		};
		7038D4EF1A90508400C7E855 /* Resources */ = {
			isa = PBXResourcesBuildPhase;
			buildActionMask = 2147483647;
			files = (
			);
			runOnlyForDeploymentPostprocessing = 0;
		};
/* End PBXResourcesBuildPhase section */

/* Begin PBXSourcesBuildPhase section */
		7038D4D51A90508400C7E855 /* Sources */ = {
			isa = PBXSourcesBuildPhase;
			buildActionMask = 2147483647;
			files = (
				7038D4DF1A90508400C7E855 /* AppDelegate.swift in Sources */,
				7038D4E21A90508400C7E855 /* zenphoto2.xcdatamodeld in Sources */,
				7038D55D1A90A49E00C7E855 /* SettingsViewController.swift in Sources */,
				7038D5151A90538C00C7E855 /* Functions.swift in Sources */,
				7038D55F1A90B6BA00C7E855 /* AlbumListViewController.swift in Sources */,
				7038D5981A90F47A00C7E855 /* SwiftyJSON.swift in Sources */,
				7038D5611A90C64400C7E855 /* UIImage+Cropping.swift in Sources */,
			);
			runOnlyForDeploymentPostprocessing = 0;
		};
		7038D4ED1A90508400C7E855 /* Sources */ = {
			isa = PBXSourcesBuildPhase;
			buildActionMask = 2147483647;
			files = (
				7038D4F81A90508400C7E855 /* zenphoto2Tests.swift in Sources */,
			);
			runOnlyForDeploymentPostprocessing = 0;
		};
/* End PBXSourcesBuildPhase section */

/* Begin PBXTargetDependency section */
		7038D4F31A90508400C7E855 /* PBXTargetDependency */ = {
			isa = PBXTargetDependency;
			target = 7038D4D81A90508400C7E855 /* zenphoto2 */;
			targetProxy = 7038D4F21A90508400C7E855 /* PBXContainerItemProxy */;
		};
		7038D5471A9097FB00C7E855 /* PBXTargetDependency */ = {
			isa = PBXTargetDependency;
			name = Haneke;
			targetProxy = 7038D5461A9097FB00C7E855 /* PBXContainerItemProxy */;
		};
		7038D5941A90F3A200C7E855 /* PBXTargetDependency */ = {
			isa = PBXTargetDependency;
			name = "Alamofire iOS";
			targetProxy = 7038D5931A90F3A200C7E855 /* PBXContainerItemProxy */;
		};
/* End PBXTargetDependency section */

/* Begin PBXVariantGroup section */
		7038D4E51A90508400C7E855 /* Main.storyboard */ = {
			isa = PBXVariantGroup;
			children = (
				7038D4E61A90508400C7E855 /* Base */,
			);
			name = Main.storyboard;
			sourceTree = "<group>";
		};
		7038D4EA1A90508400C7E855 /* LaunchScreen.xib */ = {
			isa = PBXVariantGroup;
			children = (
				7038D4EB1A90508400C7E855 /* Base */,
			);
			name = LaunchScreen.xib;
			sourceTree = "<group>";
		};
/* End PBXVariantGroup section */

/* Begin XCBuildConfiguration section */
		7038D4F91A90508400C7E855 /* Debug */ = {
			isa = XCBuildConfiguration;
			buildSettings = {
				ALWAYS_SEARCH_USER_PATHS = NO;
				CLANG_CXX_LANGUAGE_STANDARD = "gnu++0x";
				CLANG_CXX_LIBRARY = "libc++";
				CLANG_ENABLE_MODULES = YES;
				CLANG_ENABLE_OBJC_ARC = YES;
				CLANG_WARN_BOOL_CONVERSION = YES;
				CLANG_WARN_CONSTANT_CONVERSION = YES;
				CLANG_WARN_DIRECT_OBJC_ISA_USAGE = YES_ERROR;
				CLANG_WARN_EMPTY_BODY = YES;
				CLANG_WARN_ENUM_CONVERSION = YES;
				CLANG_WARN_INT_CONVERSION = YES;
				CLANG_WARN_OBJC_ROOT_CLASS = YES_ERROR;
				CLANG_WARN_UNREACHABLE_CODE = YES;
				CLANG_WARN__DUPLICATE_METHOD_MATCH = YES;
				"CODE_SIGN_IDENTITY[sdk=iphoneos*]" = "iPhone Developer";
				COPY_PHASE_STRIP = NO;
				ENABLE_STRICT_OBJC_MSGSEND = YES;
				GCC_C_LANGUAGE_STANDARD = gnu99;
				GCC_DYNAMIC_NO_PIC = NO;
				GCC_OPTIMIZATION_LEVEL = 0;
				GCC_PREPROCESSOR_DEFINITIONS = (
					"DEBUG=1",
					"$(inherited)",
				);
				GCC_SYMBOLS_PRIVATE_EXTERN = NO;
				GCC_WARN_64_TO_32_BIT_CONVERSION = YES;
				GCC_WARN_ABOUT_RETURN_TYPE = YES_ERROR;
				GCC_WARN_UNDECLARED_SELECTOR = YES;
				GCC_WARN_UNINITIALIZED_AUTOS = YES_AGGRESSIVE;
				GCC_WARN_UNUSED_FUNCTION = YES;
				GCC_WARN_UNUSED_VARIABLE = YES;
				IPHONEOS_DEPLOYMENT_TARGET = 8.1;
				MTL_ENABLE_DEBUG_INFO = YES;
				ONLY_ACTIVE_ARCH = YES;
				SDKROOT = iphoneos;
				SWIFT_OPTIMIZATION_LEVEL = "-Onone";
				TARGETED_DEVICE_FAMILY = "1,2";
			};
			name = Debug;
		};
		7038D4FA1A90508400C7E855 /* Release */ = {
			isa = XCBuildConfiguration;
			buildSettings = {
				ALWAYS_SEARCH_USER_PATHS = NO;
				CLANG_CXX_LANGUAGE_STANDARD = "gnu++0x";
				CLANG_CXX_LIBRARY = "libc++";
				CLANG_ENABLE_MODULES = YES;
				CLANG_ENABLE_OBJC_ARC = YES;
				CLANG_WARN_BOOL_CONVERSION = YES;
				CLANG_WARN_CONSTANT_CONVERSION = YES;
				CLANG_WARN_DIRECT_OBJC_ISA_USAGE = YES_ERROR;
				CLANG_WARN_EMPTY_BODY = YES;
				CLANG_WARN_ENUM_CONVERSION = YES;
				CLANG_WARN_INT_CONVERSION = YES;
				CLANG_WARN_OBJC_ROOT_CLASS = YES_ERROR;
				CLANG_WARN_UNREACHABLE_CODE = YES;
				CLANG_WARN__DUPLICATE_METHOD_MATCH = YES;
				"CODE_SIGN_IDENTITY[sdk=iphoneos*]" = "iPhone Developer";
				COPY_PHASE_STRIP = YES;
				ENABLE_NS_ASSERTIONS = NO;
				ENABLE_STRICT_OBJC_MSGSEND = YES;
				GCC_C_LANGUAGE_STANDARD = gnu99;
				GCC_WARN_64_TO_32_BIT_CONVERSION = YES;
				GCC_WARN_ABOUT_RETURN_TYPE = YES_ERROR;
				GCC_WARN_UNDECLARED_SELECTOR = YES;
				GCC_WARN_UNINITIALIZED_AUTOS = YES_AGGRESSIVE;
				GCC_WARN_UNUSED_FUNCTION = YES;
				GCC_WARN_UNUSED_VARIABLE = YES;
				IPHONEOS_DEPLOYMENT_TARGET = 8.1;
				MTL_ENABLE_DEBUG_INFO = NO;
				SDKROOT = iphoneos;
				TARGETED_DEVICE_FAMILY = "1,2";
				VALIDATE_PRODUCT = YES;
			};
			name = Release;
		};
		7038D4FC1A90508400C7E855 /* Debug */ = {
			isa = XCBuildConfiguration;
			buildSettings = {
				ASSETCATALOG_COMPILER_APPICON_NAME = AppIcon;
				CODE_SIGN_IDENTITY = "iPhone Developer";
				FRAMEWORK_SEARCH_PATHS = (
					"$(inherited)",
					"$(PROJECT_DIR)/Alamofire-SwiftyJSON/Alamofire/build/Debug-iphoneos",
					"$(PROJECT_DIR)/Alamofire-SwiftyJSON/SwiftyJSON/build/Debug-iphoneos",
				);
				INFOPLIST_FILE = zenphoto2/Info.plist;
				LD_RUNPATH_SEARCH_PATHS = "$(inherited) @executable_path/Frameworks";
				PRODUCT_NAME = "$(TARGET_NAME)";
			};
			name = Debug;
		};
		7038D4FD1A90508400C7E855 /* Release */ = {
			isa = XCBuildConfiguration;
			buildSettings = {
				ASSETCATALOG_COMPILER_APPICON_NAME = AppIcon;
				CODE_SIGN_IDENTITY = "iPhone Developer";
				FRAMEWORK_SEARCH_PATHS = (
					"$(inherited)",
					"$(PROJECT_DIR)/Alamofire-SwiftyJSON/Alamofire/build/Debug-iphoneos",
					"$(PROJECT_DIR)/Alamofire-SwiftyJSON/SwiftyJSON/build/Debug-iphoneos",
				);
				INFOPLIST_FILE = zenphoto2/Info.plist;
				LD_RUNPATH_SEARCH_PATHS = "$(inherited) @executable_path/Frameworks";
				PRODUCT_NAME = "$(TARGET_NAME)";
			};
			name = Release;
		};
		7038D4FF1A90508400C7E855 /* Debug */ = {
			isa = XCBuildConfiguration;
			buildSettings = {
				BUNDLE_LOADER = "$(TEST_HOST)";
				FRAMEWORK_SEARCH_PATHS = (
					"$(SDKROOT)/Developer/Library/Frameworks",
					"$(inherited)",
				);
				GCC_PREPROCESSOR_DEFINITIONS = (
					"DEBUG=1",
					"$(inherited)",
				);
				INFOPLIST_FILE = zenphoto2Tests/Info.plist;
				LD_RUNPATH_SEARCH_PATHS = "$(inherited) @executable_path/Frameworks @loader_path/Frameworks";
				PRODUCT_NAME = "$(TARGET_NAME)";
				TEST_HOST = "$(BUILT_PRODUCTS_DIR)/zenphoto2.app/zenphoto2";
			};
			name = Debug;
		};
		7038D5001A90508400C7E855 /* Release */ = {
			isa = XCBuildConfiguration;
			buildSettings = {
				BUNDLE_LOADER = "$(TEST_HOST)";
				FRAMEWORK_SEARCH_PATHS = (
					"$(SDKROOT)/Developer/Library/Frameworks",
					"$(inherited)",
				);
				INFOPLIST_FILE = zenphoto2Tests/Info.plist;
				LD_RUNPATH_SEARCH_PATHS = "$(inherited) @executable_path/Frameworks @loader_path/Frameworks";
				PRODUCT_NAME = "$(TARGET_NAME)";
				TEST_HOST = "$(BUILT_PRODUCTS_DIR)/zenphoto2.app/zenphoto2";
			};
			name = Release;
		};
/* End XCBuildConfiguration section */

/* Begin XCConfigurationList section */
		7038D4D41A90508400C7E855 /* Build configuration list for PBXProject "zenphoto2" */ = {
			isa = XCConfigurationList;
			buildConfigurations = (
				7038D4F91A90508400C7E855 /* Debug */,
				7038D4FA1A90508400C7E855 /* Release */,
			);
			defaultConfigurationIsVisible = 0;
			defaultConfigurationName = Release;
		};
		7038D4FB1A90508400C7E855 /* Build configuration list for PBXNativeTarget "zenphoto2" */ = {
			isa = XCConfigurationList;
			buildConfigurations = (
				7038D4FC1A90508400C7E855 /* Debug */,
				7038D4FD1A90508400C7E855 /* Release */,
			);
			defaultConfigurationIsVisible = 0;
		};
		7038D4FE1A90508400C7E855 /* Build configuration list for PBXNativeTarget "zenphoto2Tests" */ = {
			isa = XCConfigurationList;
			buildConfigurations = (
				7038D4FF1A90508400C7E855 /* Debug */,
				7038D5001A90508400C7E855 /* Release */,
			);
			defaultConfigurationIsVisible = 0;
		};
/* End XCConfigurationList section */

/* Begin XCVersionGroup section */
		7038D4E01A90508400C7E855 /* zenphoto2.xcdatamodeld */ = {
			isa = XCVersionGroup;
			children = (
				7038D4E11A90508400C7E855 /* zenphoto2.xcdatamodel */,
			);
			currentVersion = 7038D4E11A90508400C7E855 /* zenphoto2.xcdatamodel */;
			path = zenphoto2.xcdatamodeld;
			sourceTree = "<group>";
			versionGroupType = wrapper.xcdatamodel;
		};
/* End XCVersionGroup section */
	};
	rootObject = 7038D4D11A90508400C7E855 /* Project object */;
}
